<?xml version="1.0" encoding="UTF-8" standalone="yes" ?>
<CodeBlocks_project_file>
	<FileVersion major="1" minor="6" />
	<Project>
		<Option title="Up-Down Casting" />
		<Option pch_mode="2" />
		<Option compiler="gcc" />
		<Build>
			<Target title="Debug">
				<Option output="bin/Debug/Up-Down Casting" prefix_auto="1" extension_auto="1" />
				<Option object_output="obj/Debug/" />
				<Option type="1" />
				<Option compiler="gcc" />
				<Compiler>
					<Add option="-g" />
					<Add directory="include" />
				</Compiler>
			</Target>
			<Target title="Release">
				<Option output="bin/Release/Up-Down Casting" prefix_auto="1" extension_auto="1" />
				<Option object_output="obj/Release/" />
				<Option type="1" />
				<Option compiler="gcc" />
				<Compiler>
					<Add option="-O2" />
					<Add directory="include" />
				</Compiler>
				<Linker>
					<Add option="-s" />
				</Linker>
			</Target>
		</Build>
		<Compiler>
			<Add option="-Wall" />
			<Add option="-fexceptions" />
		</Compiler>
		<Unit filename="include/AdmEmpleado.h" />
		<Unit filename="include/Cajero.h" />
		<Unit filename="include/Empleado.h" />
		<Unit filename="include/Gerente.h" />
		<Unit filename="include/Salario.h" />
		<Unit filename="include/Vendedor.h" />
		<Unit filename="main.cpp" />
		<Unit filename="src/AdmEmpleado.cpp" />
		<Unit filename="src/Cajero.cpp" />
		<Unit filename="src/Empleado.cpp" />
		<Unit filename="src/Gerente.cpp" />
		<Unit filename="src/Salario.cpp" />
		<Unit filename="src/Vendedor.cpp" />
		<Extensions>
			<lib_finder disable_auto="1" />
		</Extensions>
	</Project>
</CodeBlocks_project_file>
